{
  "nodes": {
    "haskell-nix": {
      "locked": {
        "lastModified": 1606956388,
        "narHash": "sha256-KCEiy3jAGw+p4ugkd3qFN1g6GiUEHSkGwFNVlFF/gw4=",
        "ref": "master",
        "rev": "9c3707b42e9a77661e226763f9b667c9baa3cc17",
        "revCount": 1292,
        "type": "git",
        "url": "file:///home/vkleen/src/haskell.nix"
      },
      "original": {
        "owner": "input-output-hk",
        "repo": "haskell.nix",
        "type": "github"
      }
    },
    "nixpkgs": {
      "locked": {
        "lastModified": 1605202555,
        "narHash": "sha256-shUmH1i3HE4qsbgJH/tl653jfoD8/wuLvo5rQI62yvc=",
        "owner": "vkleen",
        "repo": "nixpkgs",
        "rev": "d1ca119619e7d2e51485325335ea0b1924ee4fe3",
        "type": "github"
      },
      "original": {
        "owner": "vkleen",
        "repo": "nixpkgs",
        "type": "github"
      }
    },
    "root": {
      "inputs": {
        "haskell-nix": "haskell-nix",
        "nixpkgs": "nixpkgs",
        "spidev": "spidev"
      }
    },
    "spidev": {
      "flake": false,
      "locked": {
        "lastModified": 1599165531,
        "narHash": "sha256-LmrMD0gHdLVOEzv71R0mkj+7m0Ij1SCJnP2gdBWOKcc=",
        "owner": "vkleen",
        "repo": "spidev",
        "rev": "a610703e7af18528b4d69389c5e04d0837b5160e",
        "type": "github"
      },
      "original": {
        "owner": "vkleen",
        "repo": "spidev",
        "type": "github"
      }
    }
  },
  "root": "root",
  "version": 7
}
