{
  "nodes": {
    "flake-utils": {
      "locked": {
        "lastModified": 1610051610,
        "narHash": "sha256-U9rPz/usA1/Aohhk7Cmc2gBrEEKRzcW4nwPWMPwja4Y=",
        "owner": "numtide",
        "repo": "flake-utils",
        "rev": "3982c9903e93927c2164caa727cd3f6a0e6d14cc",
        "type": "github"
      },
      "original": {
        "owner": "numtide",
        "repo": "flake-utils",
        "type": "github"
      }
    },
    "hackageSrc": {
      "flake": false,
      "locked": {
        "lastModified": 1614042809,
        "narHash": "sha256-Isk1FkmbBwXXdZzul+jJjU4xO217W0EXyv8oOIVNY4M=",
        "owner": "input-output-hk",
        "repo": "hackage.nix",
        "rev": "c080111c7fd939bfb162790885496a0c8c504d69",
        "type": "github"
      },
      "original": {
        "owner": "input-output-hk",
        "repo": "hackage.nix",
        "type": "github"
      }
    },
    "haskell-nix": {
      "inputs": {
        "nixpkgs": "nixpkgs",
        "nixpkgs-2003": "nixpkgs-2003",
        "nixpkgs-2009": "nixpkgs-2009",
        "nixpkgs-unstable": "nixpkgs-unstable"
      },
      "locked": {
        "lastModified": 1614042919,
        "narHash": "sha256-2pcJtZd2ROyjnFNDKeSLM+SahnfWEGw+ergqUmJNpUg=",
        "owner": "input-output-hk",
        "repo": "haskell.nix",
        "rev": "283f57374e49fc1680e9e59138b7bb22db49be57",
        "type": "github"
      },
      "original": {
        "owner": "input-output-hk",
        "repo": "haskell.nix",
        "type": "github"
      }
    },
    "nixpkgs": {
      "locked": {
        "lastModified": 1608007629,
        "narHash": "sha256-lipVFC/a2pzzA5X2ULj64je+fz1JIp2XRrB5qyoizpQ=",
        "owner": "NixOS",
        "repo": "nixpkgs",
        "rev": "f02bf8ffb9a5ec5e8f6f66f1e5544fd2aa1a0693",
        "type": "github"
      },
      "original": {
        "owner": "NixOS",
        "repo": "nixpkgs",
        "rev": "f02bf8ffb9a5ec5e8f6f66f1e5544fd2aa1a0693",
        "type": "github"
      }
    },
    "nixpkgs-2003": {
      "locked": {
        "lastModified": 1607708579,
        "narHash": "sha256-QyADEDydJJPa8n3xawnA82IJAcZHNNm6Pp5DU7exMr4=",
        "owner": "NixOS",
        "repo": "nixpkgs",
        "rev": "7f73e46625f508a793700f5110b86f1a53341d6e",
        "type": "github"
      },
      "original": {
        "owner": "NixOS",
        "repo": "nixpkgs",
        "rev": "7f73e46625f508a793700f5110b86f1a53341d6e",
        "type": "github"
      }
    },
    "nixpkgs-2009": {
      "locked": {
        "lastModified": 1608007629,
        "narHash": "sha256-lipVFC/a2pzzA5X2ULj64je+fz1JIp2XRrB5qyoizpQ=",
        "owner": "NixOS",
        "repo": "nixpkgs",
        "rev": "f02bf8ffb9a5ec5e8f6f66f1e5544fd2aa1a0693",
        "type": "github"
      },
      "original": {
        "owner": "NixOS",
        "repo": "nixpkgs",
        "rev": "f02bf8ffb9a5ec5e8f6f66f1e5544fd2aa1a0693",
        "type": "github"
      }
    },
    "nixpkgs-unstable": {
      "locked": {
        "lastModified": 1612284693,
        "narHash": "sha256-efzJNF1jvjK3BMl0gZ0ZaUWcFMv0nLb9AHN/++5+u0U=",
        "owner": "NixOS",
        "repo": "nixpkgs",
        "rev": "410bbd828cdc6156aecd5bc91772ad3a6b1099c7",
        "type": "github"
      },
      "original": {
        "owner": "NixOS",
        "repo": "nixpkgs",
        "rev": "410bbd828cdc6156aecd5bc91772ad3a6b1099c7",
        "type": "github"
      }
    },
    "nixpkgs_2": {
      "locked": {
        "lastModified": 1613243023,
        "narHash": "sha256-cT2DZJanxtqeniwC34H6aQeuWDpZ25c9lX3zIu09AF4=",
        "path": "/nix/store/w4yn37dsh1922kpmmc4k86i4dn4h87pm-source",
        "rev": "0f7dd327ac31430c72c5db8bda7a9f113311013e",
        "type": "path"
      },
      "original": {
        "id": "nixpkgs",
        "type": "indirect"
      }
    },
    "root": {
      "inputs": {
        "flake-utils": "flake-utils",
        "hackageSrc": "hackageSrc",
        "haskell-nix": "haskell-nix",
        "nixpkgs": "nixpkgs_2",
        "spidev": "spidev",
        "stackageSrc": "stackageSrc"
      }
    },
    "spidev": {
      "flake": false,
      "locked": {
        "lastModified": 1599165531,
        "narHash": "sha256-LmrMD0gHdLVOEzv71R0mkj+7m0Ij1SCJnP2gdBWOKcc=",
        "owner": "vkleen",
        "repo": "spidev",
        "rev": "a610703e7af18528b4d69389c5e04d0837b5160e",
        "type": "github"
      },
      "original": {
        "owner": "vkleen",
        "repo": "spidev",
        "type": "github"
      }
    },
    "stackageSrc": {
      "flake": false,
      "locked": {
        "lastModified": 1613437366,
        "narHash": "sha256-EIMjXbwx41TNR/dWEWJrKbO61h17tzLDNwTheTXrHJU=",
        "owner": "input-output-hk",
        "repo": "stackage.nix",
        "rev": "aba6cc7066d2f5d1179284d708e11751f1c1be78",
        "type": "github"
      },
      "original": {
        "owner": "input-output-hk",
        "repo": "stackage.nix",
        "type": "github"
      }
    }
  },
  "root": "root",
  "version": 7
}
